
Microsoft Visual Studio Solution File, Format Version 12.00
# Visual Studio Version 17
VisualStudioVersion = 17.6.33815.320
MinimumVisualStudioVersion = 10.0.40219.1
Project("{8BC9CEB8-8B4A-11D0-8D11-00A0C91BC942}") = "TestHTMT", "TestHTMT\TestHTMT.vcxproj", "{A2C85C58-81AF-4A1E-95BD-3F3E673F5218}"
EndProject
Global
	GlobalSection(SolutionConfigurationPlatforms) = preSolution
		Debug|x64 = Debug|x64
		Debug|x86 = Debug|x86
		Release|x64 = Release|x64
		Release|x86 = Release|x86
	EndGlobalSection
	GlobalSection(ProjectConfigurationPlatforms) = postSolution
		{A2C85C58-81AF-4A1E-95BD-3F3E673F5218}.Debug|x64.ActiveCfg = Debug|x64
		{A2C85C58-81AF-4A1E-95BD-3F3E673F5218}.Debug|x64.Build.0 = Debug|x64
		{A2C85C58-81AF-4A1E-95BD-3F3E673F5218}.Debug|x86.ActiveCfg = Debug|Win32
		{A2C85C58-81AF-4A1E-95BD-3F3E673F5218}.Debug|x86.Build.0 = Debug|Win32
		{A2C85C58-81AF-4A1E-95BD-3F3E673F5218}.Release|x64.ActiveCfg = Release|x64
		{A2C85C58-81AF-4A1E-95BD-3F3E673F5218}.Release|x64.Build.0 = Release|x64
		{A2C85C58-81AF-4A1E-95BD-3F3E673F5218}.Release|x86.ActiveCfg = Release|Win32
		{A2C85C58-81AF-4A1E-95BD-3F3E673F5218}.Release|x86.Build.0 = Release|Win32
	EndGlobalSection
	GlobalSection(SolutionProperties) = preSolution
		HideSolutionNode = FALSE
	EndGlobalSection
	GlobalSection(ExtensibilityGlobals) = postSolution
		SolutionGuid = {4AA051F9-DD25-40C6-8B24-019F205EA44B}
	EndGlobalSection
EndGlobal
